
Microsoft Visual Studio Solution File, Format Version 12.00
# Visual Studio Version 16
VisualStudioVersion = 16.0.30320.27
MinimumVisualStudioVersion = 10.0.40219.1
Project("{FAE04EC0-301F-11D3-BF4B-00C04F79EFBC}") = "WindowCalculator", "WindowCalculator\WindowCalculator.csproj", "{D7C2E908-FD88-42F8-BA8F-ED46A6F3CA8B}"
EndProject
Global
	GlobalSection(SolutionConfigurationPlatforms) = preSolution
		Debug|Any CPU = Debug|Any CPU
		Release|Any CPU = Release|Any CPU
	EndGlobalSection
	GlobalSection(ProjectConfigurationPlatforms) = postSolution
		{D7C2E908-FD88-42F8-BA8F-ED46A6F3CA8B}.Debug|Any CPU.ActiveCfg = Debug|Any CPU
		{D7C2E908-FD88-42F8-BA8F-ED46A6F3CA8B}.Debug|Any CPU.Build.0 = Debug|Any CPU
		{D7C2E908-FD88-42F8-BA8F-ED46A6F3CA8B}.Release|Any CPU.ActiveCfg = Release|Any CPU
		{D7C2E908-FD88-42F8-BA8F-ED46A6F3CA8B}.Release|Any CPU.Build.0 = Release|Any CPU
	EndGlobalSection
	GlobalSection(SolutionProperties) = preSolution
		HideSolutionNode = FALSE
	EndGlobalSection
	GlobalSection(ExtensibilityGlobals) = postSolution
		SolutionGuid = {F043373A-DFA8-4AF4-9C84-837A686334FD}
	EndGlobalSection
EndGlobal
